// !$*UTF8*$!
{
	archiveVersion = 1;
	classes = {
	};
	objectVersion = 48;
	objects = {

/* Begin PBXBuildFile section */
		903471A5F10D9F613B1FC170 /* libPods-OpenCV3Sample.a in Frameworks */ = {isa = PBXBuildFile; fileRef = 8B820F0A606438B51652E258 /* libPods-OpenCV3Sample.a */; };
		A5CBD1B31FB6045000E75E0F /* AppDelegate.swift in Sources */ = {isa = PBXBuildFile; fileRef = A5CBD1B21FB6045000E75E0F /* AppDelegate.swift */; };
		A5CBD1B51FB6045000E75E0F /* ViewController.swift in Sources */ = {isa = PBXBuildFile; fileRef = A5CBD1B41FB6045000E75E0F /* ViewController.swift */; };
		A5CBD1B81FB6045000E75E0F /* Main.storyboard in Resources */ = {isa = PBXBuildFile; fileRef = A5CBD1B61FB6045000E75E0F /* Main.storyboard */; };
		A5CBD1BA1FB6045000E75E0F /* Assets.xcassets in Resources */ = {isa = PBXBuildFile; fileRef = A5CBD1B91FB6045000E75E0F /* Assets.xcassets */; };
		A5CBD1BD1FB6045000E75E0F /* LaunchScreen.storyboard in Resources */ = {isa = PBXBuildFile; fileRef = A5CBD1BB1FB6045000E75E0F /* LaunchScreen.storyboard */; };
		A5CBD1C81FB6045000E75E0F /* OpenCV3SampleTests.swift in Sources */ = {isa = PBXBuildFile; fileRef = A5CBD1C71FB6045000E75E0F /* OpenCV3SampleTests.swift */; };
		A5CBD1E01FB89D4A00E75E0F /* CVWrapper.mm in Sources */ = {isa = PBXBuildFile; fileRef = A5CBD1DF1FB89D4A00E75E0F /* CVWrapper.mm */; };
/* End PBXBuildFile section */

/* Begin PBXContainerItemProxy section */
		A5CBD1C41FB6045000E75E0F /* PBXContainerItemProxy */ = {
			isa = PBXContainerItemProxy;
			containerPortal = A5CBD1A71FB6045000E75E0F /* Project object */;
			proxyType = 1;
			remoteGlobalIDString = A5CBD1AE1FB6045000E75E0F;
			remoteInfo = OpenCV3Sample;
		};
/* End PBXContainerItemProxy section */

/* Begin PBXFileReference section */
		53FD70357F34591B8965381E /* Pods-OpenCV3Sample.debug.xcconfig */ = {isa = PBXFileReference; includeInIndex = 1; lastKnownFileType = text.xcconfig; name = "Pods-OpenCV3Sample.debug.xcconfig"; path = "Pods/Target Support Files/Pods-OpenCV3Sample/Pods-OpenCV3Sample.debug.xcconfig"; sourceTree = "<group>"; };
		8B820F0A606438B51652E258 /* libPods-OpenCV3Sample.a */ = {isa = PBXFileReference; explicitFileType = archive.ar; includeInIndex = 0; path = "libPods-OpenCV3Sample.a"; sourceTree = BUILT_PRODUCTS_DIR; };
		8BD5745D34CA8B7DCBFE94BD /* Pods-OpenCV3Sample.release.xcconfig */ = {isa = PBXFileReference; includeInIndex = 1; lastKnownFileType = text.xcconfig; name = "Pods-OpenCV3Sample.release.xcconfig"; path = "Pods/Target Support Files/Pods-OpenCV3Sample/Pods-OpenCV3Sample.release.xcconfig"; sourceTree = "<group>"; };
		A5CBD1AF1FB6045000E75E0F /* OpenCV3Sample.app */ = {isa = PBXFileReference; explicitFileType = wrapper.application; includeInIndex = 0; path = OpenCV3Sample.app; sourceTree = BUILT_PRODUCTS_DIR; };
		A5CBD1B21FB6045000E75E0F /* AppDelegate.swift */ = {isa = PBXFileReference; lastKnownFileType = sourcecode.swift; path = AppDelegate.swift; sourceTree = "<group>"; };
		A5CBD1B41FB6045000E75E0F /* ViewController.swift */ = {isa = PBXFileReference; lastKnownFileType = sourcecode.swift; path = ViewController.swift; sourceTree = "<group>"; };
		A5CBD1B71FB6045000E75E0F /* Base */ = {isa = PBXFileReference; lastKnownFileType = file.storyboard; name = Base; path = Base.lproj/Main.storyboard; sourceTree = "<group>"; };
		A5CBD1B91FB6045000E75E0F /* Assets.xcassets */ = {isa = PBXFileReference; lastKnownFileType = folder.assetcatalog; path = Assets.xcassets; sourceTree = "<group>"; };
		A5CBD1BC1FB6045000E75E0F /* Base */ = {isa = PBXFileReference; lastKnownFileType = file.storyboard; name = Base; path = Base.lproj/LaunchScreen.storyboard; sourceTree = "<group>"; };
		A5CBD1BE1FB6045000E75E0F /* Info.plist */ = {isa = PBXFileReference; lastKnownFileType = text.plist.xml; path = Info.plist; sourceTree = "<group>"; };
		A5CBD1C31FB6045000E75E0F /* OpenCV3SampleTests.xctest */ = {isa = PBXFileReference; explicitFileType = wrapper.cfbundle; includeInIndex = 0; path = OpenCV3SampleTests.xctest; sourceTree = BUILT_PRODUCTS_DIR; };
		A5CBD1C71FB6045000E75E0F /* OpenCV3SampleTests.swift */ = {isa = PBXFileReference; lastKnownFileType = sourcecode.swift; path = OpenCV3SampleTests.swift; sourceTree = "<group>"; };
		A5CBD1C91FB6045000E75E0F /* Info.plist */ = {isa = PBXFileReference; lastKnownFileType = text.plist.xml; path = Info.plist; sourceTree = "<group>"; };
		A5CBD1DE1FB89D4900E75E0F /* OpenCV3Sample-Bridging-Header.h */ = {isa = PBXFileReference; lastKnownFileType = sourcecode.c.h; path = "OpenCV3Sample-Bridging-Header.h"; sourceTree = "<group>"; };
		A5CBD1DF1FB89D4A00E75E0F /* CVWrapper.mm */ = {isa = PBXFileReference; lastKnownFileType = sourcecode.cpp.objcpp; path = CVWrapper.mm; sourceTree = "<group>"; };
		A5CBD1E11FB89D6000E75E0F /* CVWrapper.h */ = {isa = PBXFileReference; lastKnownFileType = sourcecode.c.h; path = CVWrapper.h; sourceTree = "<group>"; };
/* End PBXFileReference section */

/* Begin PBXFrameworksBuildPhase section */
		A5CBD1AC1FB6045000E75E0F /* Frameworks */ = {
			isa = PBXFrameworksBuildPhase;
			buildActionMask = 2147483647;
			files = (
				903471A5F10D9F613B1FC170 /* libPods-OpenCV3Sample.a in Frameworks */,
			);
			runOnlyForDeploymentPostprocessing = 0;
		};
		A5CBD1C01FB6045000E75E0F /* Frameworks */ = {
			isa = PBXFrameworksBuildPhase;
			buildActionMask = 2147483647;
			files = (
			);
			runOnlyForDeploymentPostprocessing = 0;
		};
/* End PBXFrameworksBuildPhase section */

/* Begin PBXGroup section */
		9A3AFC1B2504951F61B2EC08 /* Frameworks */ = {
			isa = PBXGroup;
			children = (
				8B820F0A606438B51652E258 /* libPods-OpenCV3Sample.a */,
			);
			name = Frameworks;
			sourceTree = "<group>";
		};
		A5CBD1A61FB6045000E75E0F = {
			isa = PBXGroup;
			children = (
				A5CBD1D21FB60A7A00E75E0F /* Wrappers */,
				A5CBD1B11FB6045000E75E0F /* OpenCV3Sample */,
				A5CBD1C61FB6045000E75E0F /* OpenCV3SampleTests */,
				A5CBD1B01FB6045000E75E0F /* Products */,
				B3BF5BEA132638F7AA0880C6 /* Pods */,
				9A3AFC1B2504951F61B2EC08 /* Frameworks */,
			);
			sourceTree = "<group>";
		};
		A5CBD1B01FB6045000E75E0F /* Products */ = {
			isa = PBXGroup;
			children = (
				A5CBD1AF1FB6045000E75E0F /* OpenCV3Sample.app */,
				A5CBD1C31FB6045000E75E0F /* OpenCV3SampleTests.xctest */,
			);
			name = Products;
			sourceTree = "<group>";
		};
		A5CBD1B11FB6045000E75E0F /* OpenCV3Sample */ = {
			isa = PBXGroup;
			children = (
				A5CBD1B21FB6045000E75E0F /* AppDelegate.swift */,
				A5CBD1B41FB6045000E75E0F /* ViewController.swift */,
				A5CBD1B61FB6045000E75E0F /* Main.storyboard */,
				A5CBD1B91FB6045000E75E0F /* Assets.xcassets */,
				A5CBD1BB1FB6045000E75E0F /* LaunchScreen.storyboard */,
				A5CBD1BE1FB6045000E75E0F /* Info.plist */,
			);
			path = OpenCV3Sample;
			sourceTree = "<group>";
		};
		A5CBD1C61FB6045000E75E0F /* OpenCV3SampleTests */ = {
			isa = PBXGroup;
			children = (
				A5CBD1C71FB6045000E75E0F /* OpenCV3SampleTests.swift */,
				A5CBD1C91FB6045000E75E0F /* Info.plist */,
			);
			path = OpenCV3SampleTests;
			sourceTree = "<group>";
		};
		A5CBD1D21FB60A7A00E75E0F /* Wrappers */ = {
			isa = PBXGroup;
			children = (
				A5CBD1E11FB89D6000E75E0F /* CVWrapper.h */,
				A5CBD1DF1FB89D4A00E75E0F /* CVWrapper.mm */,
				A5CBD1DE1FB89D4900E75E0F /* OpenCV3Sample-Bridging-Header.h */,
			);
			path = Wrappers;
			sourceTree = "<group>";
		};
		B3BF5BEA132638F7AA0880C6 /* Pods */ = {
			isa = PBXGroup;
			children = (
				53FD70357F34591B8965381E /* Pods-OpenCV3Sample.debug.xcconfig */,
				8BD5745D34CA8B7DCBFE94BD /* Pods-OpenCV3Sample.release.xcconfig */,
			);
			name = Pods;
			sourceTree = "<group>";
		};
/* End PBXGroup section */

/* Begin PBXNativeTarget section */
		A5CBD1AE1FB6045000E75E0F /* OpenCV3Sample */ = {
			isa = PBXNativeTarget;
			buildConfigurationList = A5CBD1CC1FB6045000E75E0F /* Build configuration list for PBXNativeTarget "OpenCV3Sample" */;
			buildPhases = (
				B45FE8FA9E735D7C91ED9617 /* [CP] Check Pods Manifest.lock */,
				A5CBD1AB1FB6045000E75E0F /* Sources */,
				A5CBD1AC1FB6045000E75E0F /* Frameworks */,
				A5CBD1AD1FB6045000E75E0F /* Resources */,
				77E65E30E1253BFA37F52096 /* [CP] Embed Pods Frameworks */,
				D443A79BC0FB75FBA270C951 /* [CP] Copy Pods Resources */,
			);
			buildRules = (
			);
			dependencies = (
			);
			name = OpenCV3Sample;
			productName = OpenCV3Sample;
			productReference = A5CBD1AF1FB6045000E75E0F /* OpenCV3Sample.app */;
			productType = "com.apple.product-type.application";
		};
		A5CBD1C21FB6045000E75E0F /* OpenCV3SampleTests */ = {
			isa = PBXNativeTarget;
			buildConfigurationList = A5CBD1CF1FB6045000E75E0F /* Build configuration list for PBXNativeTarget "OpenCV3SampleTests" */;
			buildPhases = (
				A5CBD1BF1FB6045000E75E0F /* Sources */,
				A5CBD1C01FB6045000E75E0F /* Frameworks */,
				A5CBD1C11FB6045000E75E0F /* Resources */,
			);
			buildRules = (
			);
			dependencies = (
				A5CBD1C51FB6045000E75E0F /* PBXTargetDependency */,
			);
			name = OpenCV3SampleTests;
			productName = OpenCV3SampleTests;
			productReference = A5CBD1C31FB6045000E75E0F /* OpenCV3SampleTests.xctest */;
			productType = "com.apple.product-type.bundle.unit-test";
		};
/* End PBXNativeTarget section */

/* Begin PBXProject section */
		A5CBD1A71FB6045000E75E0F /* Project object */ = {
			isa = PBXProject;
			attributes = {
				LastSwiftUpdateCheck = 0910;
				LastUpgradeCheck = 0910;
				ORGANIZATIONNAME = " yeongeon";
				TargetAttributes = {
					A5CBD1AE1FB6045000E75E0F = {
						CreatedOnToolsVersion = 9.1;
						LastSwiftMigration = 0910;
						ProvisioningStyle = Automatic;
					};
					A5CBD1C21FB6045000E75E0F = {
						CreatedOnToolsVersion = 9.1;
						ProvisioningStyle = Automatic;
						TestTargetID = A5CBD1AE1FB6045000E75E0F;
					};
				};
			};
			buildConfigurationList = A5CBD1AA1FB6045000E75E0F /* Build configuration list for PBXProject "OpenCV3Sample" */;
			compatibilityVersion = "Xcode 8.0";
			developmentRegion = en;
			hasScannedForEncodings = 0;
			knownRegions = (
				en,
				Base,
			);
			mainGroup = A5CBD1A61FB6045000E75E0F;
			productRefGroup = A5CBD1B01FB6045000E75E0F /* Products */;
			projectDirPath = "";
			projectRoot = "";
			targets = (
				A5CBD1AE1FB6045000E75E0F /* OpenCV3Sample */,
				A5CBD1C21FB6045000E75E0F /* OpenCV3SampleTests */,
			);
		};
/* End PBXProject section */

/* Begin PBXResourcesBuildPhase section */
		A5CBD1AD1FB6045000E75E0F /* Resources */ = {
			isa = PBXResourcesBuildPhase;
			buildActionMask = 2147483647;
			files = (
				A5CBD1BD1FB6045000E75E0F /* LaunchScreen.storyboard in Resources */,
				A5CBD1BA1FB6045000E75E0F /* Assets.xcassets in Resources */,
				A5CBD1B81FB6045000E75E0F /* Main.storyboard in Resources */,
			);
			runOnlyForDeploymentPostprocessing = 0;
		};
		A5CBD1C11FB6045000E75E0F /* Resources */ = {
			isa = PBXResourcesBuildPhase;
			buildActionMask = 2147483647;
			files = (
			);
			runOnlyForDeploymentPostprocessing = 0;
		};
/* End PBXResourcesBuildPhase section */

/* Begin PBXShellScriptBuildPhase section */
		77E65E30E1253BFA37F52096 /* [CP] Embed Pods Frameworks */ = {
			isa = PBXShellScriptBuildPhase;
			buildActionMask = 2147483647;
			files = (
			);
			inputPaths = (
			);
			name = "[CP] Embed Pods Frameworks";
			outputPaths = (
			);
			runOnlyForDeploymentPostprocessing = 0;
			shellPath = /bin/sh;
			shellScript = "\"${SRCROOT}/Pods/Target Support Files/Pods-OpenCV3Sample/Pods-OpenCV3Sample-frameworks.sh\"\n";
			showEnvVarsInLog = 0;
		};
		B45FE8FA9E735D7C91ED9617 /* [CP] Check Pods Manifest.lock */ = {
			isa = PBXShellScriptBuildPhase;
			buildActionMask = 2147483647;
			files = (
			);
			inputPaths = (
				"${PODS_PODFILE_DIR_PATH}/Podfile.lock",
				"${PODS_ROOT}/Manifest.lock",
			);
			name = "[CP] Check Pods Manifest.lock";
			outputPaths = (
				"$(DERIVED_FILE_DIR)/Pods-OpenCV3Sample-checkManifestLockResult.txt",
			);
			runOnlyForDeploymentPostprocessing = 0;
			shellPath = /bin/sh;
			shellScript = "diff \"${PODS_PODFILE_DIR_PATH}/Podfile.lock\" \"${PODS_ROOT}/Manifest.lock\" > /dev/null\nif [ $? != 0 ] ; then\n    # print error to STDERR\n    echo \"error: The sandbox is not in sync with the Podfile.lock. Run 'pod install' or update your CocoaPods installation.\" >&2\n    exit 1\nfi\n# This output is used by Xcode 'outputs' to avoid re-running this script phase.\necho \"SUCCESS\" > \"${SCRIPT_OUTPUT_FILE_0}\"\n";
			showEnvVarsInLog = 0;
		};
		D443A79BC0FB75FBA270C951 /* [CP] Copy Pods Resources */ = {
			isa = PBXShellScriptBuildPhase;
			buildActionMask = 2147483647;
			files = (
			);
			inputPaths = (
			);
			name = "[CP] Copy Pods Resources";
			outputPaths = (
			);
			runOnlyForDeploymentPostprocessing = 0;
			shellPath = /bin/sh;
			shellScript = "\"${SRCROOT}/Pods/Target Support Files/Pods-OpenCV3Sample/Pods-OpenCV3Sample-resources.sh\"\n";
			showEnvVarsInLog = 0;
		};
/* End PBXShellScriptBuildPhase section */

/* Begin PBXSourcesBuildPhase section */
		A5CBD1AB1FB6045000E75E0F /* Sources */ = {
			isa = PBXSourcesBuildPhase;
			buildActionMask = 2147483647;
			files = (
				A5CBD1B51FB6045000E75E0F /* ViewController.swift in Sources */,
				A5CBD1E01FB89D4A00E75E0F /* CVWrapper.mm in Sources */,
				A5CBD1B31FB6045000E75E0F /* AppDelegate.swift in Sources */,
			);
			runOnlyForDeploymentPostprocessing = 0;
		};
		A5CBD1BF1FB6045000E75E0F /* Sources */ = {
			isa = PBXSourcesBuildPhase;
			buildActionMask = 2147483647;
			files = (
				A5CBD1C81FB6045000E75E0F /* OpenCV3SampleTests.swift in Sources */,
			);
			runOnlyForDeploymentPostprocessing = 0;
		};
/* End PBXSourcesBuildPhase section */

/* Begin PBXTargetDependency section */
		A5CBD1C51FB6045000E75E0F /* PBXTargetDependency */ = {
			isa = PBXTargetDependency;
			target = A5CBD1AE1FB6045000E75E0F /* OpenCV3Sample */;
			targetProxy = A5CBD1C41FB6045000E75E0F /* PBXContainerItemProxy */;
		};
/* End PBXTargetDependency section */

/* Begin PBXVariantGroup section */
		A5CBD1B61FB6045000E75E0F /* Main.storyboard */ = {
			isa = PBXVariantGroup;
			children = (
				A5CBD1B71FB6045000E75E0F /* Base */,
			);
			name = Main.storyboard;
			sourceTree = "<group>";
		};
		A5CBD1BB1FB6045000E75E0F /* LaunchScreen.storyboard */ = {
			isa = PBXVariantGroup;
			children = (
				A5CBD1BC1FB6045000E75E0F /* Base */,
			);
			name = LaunchScreen.storyboard;
			sourceTree = "<group>";
		};
/* End PBXVariantGroup section */

/* Begin XCBuildConfiguration section */
		A5CBD1CA1FB6045000E75E0F /* Debug */ = {
			isa = XCBuildConfiguration;
			buildSettings = {
				ALWAYS_SEARCH_USER_PATHS = NO;
				CLANG_ANALYZER_NONNULL = YES;
				CLANG_ANALYZER_NUMBER_OBJECT_CONVERSION = YES_AGGRESSIVE;
				CLANG_CXX_LANGUAGE_STANDARD = "gnu++14";
				CLANG_CXX_LIBRARY = "libc++";
				CLANG_ENABLE_MODULES = YES;
				CLANG_ENABLE_OBJC_ARC = YES;
				CLANG_WARN_BLOCK_CAPTURE_AUTORELEASING = YES;
				CLANG_WARN_BOOL_CONVERSION = YES;
				CLANG_WARN_COMMA = YES;
				CLANG_WARN_CONSTANT_CONVERSION = YES;
				CLANG_WARN_DIRECT_OBJC_ISA_USAGE = YES_ERROR;
				CLANG_WARN_DOCUMENTATION_COMMENTS = YES;
				CLANG_WARN_EMPTY_BODY = YES;
				CLANG_WARN_ENUM_CONVERSION = YES;
				CLANG_WARN_INFINITE_RECURSION = YES;
				CLANG_WARN_INT_CONVERSION = YES;
				CLANG_WARN_NON_LITERAL_NULL_CONVERSION = YES;
				CLANG_WARN_OBJC_LITERAL_CONVERSION = YES;
				CLANG_WARN_OBJC_ROOT_CLASS = YES_ERROR;
				CLANG_WARN_RANGE_LOOP_ANALYSIS = YES;
				CLANG_WARN_STRICT_PROTOTYPES = YES;
				CLANG_WARN_SUSPICIOUS_MOVE = YES;
				CLANG_WARN_UNGUARDED_AVAILABILITY = YES_AGGRESSIVE;
				CLANG_WARN_UNREACHABLE_CODE = YES;
				CLANG_WARN__DUPLICATE_METHOD_MATCH = YES;
				CODE_SIGN_IDENTITY = "iPhone Developer";
				COPY_PHASE_STRIP = NO;
				DEBUG_INFORMATION_FORMAT = dwarf;
				ENABLE_STRICT_OBJC_MSGSEND = YES;
				ENABLE_TESTABILITY = YES;
				GCC_C_LANGUAGE_STANDARD = gnu11;
				GCC_DYNAMIC_NO_PIC = NO;
				GCC_NO_COMMON_BLOCKS = YES;
				GCC_OPTIMIZATION_LEVEL = 0;
				GCC_PREPROCESSOR_DEFINITIONS = (
					"DEBUG=1",
					"$(inherited)",
				);
				GCC_WARN_64_TO_32_BIT_CONVERSION = YES;
				GCC_WARN_ABOUT_RETURN_TYPE = YES_ERROR;
				GCC_WARN_UNDECLARED_SELECTOR = YES;
				GCC_WARN_UNINITIALIZED_AUTOS = YES_AGGRESSIVE;
				GCC_WARN_UNUSED_FUNCTION = YES;
				GCC_WARN_UNUSED_VARIABLE = YES;
				IPHONEOS_DEPLOYMENT_TARGET = 11.1;
				MTL_ENABLE_DEBUG_INFO = YES;
				ONLY_ACTIVE_ARCH = YES;
				SDKROOT = iphoneos;
				SWIFT_ACTIVE_COMPILATION_CONDITIONS = DEBUG;
				SWIFT_OPTIMIZATION_LEVEL = "-Onone";
			};
			name = Debug;
		};
		A5CBD1CB1FB6045000E75E0F /* Release */ = {
			isa = XCBuildConfiguration;
			buildSettings = {
				ALWAYS_SEARCH_USER_PATHS = NO;
				CLANG_ANALYZER_NONNULL = YES;
				CLANG_ANALYZER_NUMBER_OBJECT_CONVERSION = YES_AGGRESSIVE;
				CLANG_CXX_LANGUAGE_STANDARD = "gnu++14";
				CLANG_CXX_LIBRARY = "libc++";
				CLANG_ENABLE_MODULES = YES;
				CLANG_ENABLE_OBJC_ARC = YES;
				CLANG_WARN_BLOCK_CAPTURE_AUTORELEASING = YES;
				CLANG_WARN_BOOL_CONVERSION = YES;
				CLANG_WARN_COMMA = YES;
				CLANG_WARN_CONSTANT_CONVERSION = YES;
				CLANG_WARN_DIRECT_OBJC_ISA_USAGE = YES_ERROR;
				CLANG_WARN_DOCUMENTATION_COMMENTS = YES;
				CLANG_WARN_EMPTY_BODY = YES;
				CLANG_WARN_ENUM_CONVERSION = YES;
				CLANG_WARN_INFINITE_RECURSION = YES;
				CLANG_WARN_INT_CONVERSION = YES;
				CLANG_WARN_NON_LITERAL_NULL_CONVERSION = YES;
				CLANG_WARN_OBJC_LITERAL_CONVERSION = YES;
				CLANG_WARN_OBJC_ROOT_CLASS = YES_ERROR;
				CLANG_WARN_RANGE_LOOP_ANALYSIS = YES;
				CLANG_WARN_STRICT_PROTOTYPES = YES;
				CLANG_WARN_SUSPICIOUS_MOVE = YES;
				CLANG_WARN_UNGUARDED_AVAILABILITY = YES_AGGRESSIVE;
				CLANG_WARN_UNREACHABLE_CODE = YES;
				CLANG_WARN__DUPLICATE_METHOD_MATCH = YES;
				CODE_SIGN_IDENTITY = "iPhone Developer";
				COPY_PHASE_STRIP = NO;
				DEBUG_INFORMATION_FORMAT = "dwarf-with-dsym";
				ENABLE_NS_ASSERTIONS = NO;
				ENABLE_STRICT_OBJC_MSGSEND = YES;
				GCC_C_LANGUAGE_STANDARD = gnu11;
				GCC_NO_COMMON_BLOCKS = YES;
				GCC_WARN_64_TO_32_BIT_CONVERSION = YES;
				GCC_WARN_ABOUT_RETURN_TYPE = YES_ERROR;
				GCC_WARN_UNDECLARED_SELECTOR = YES;
				GCC_WARN_UNINITIALIZED_AUTOS = YES_AGGRESSIVE;
				GCC_WARN_UNUSED_FUNCTION = YES;
				GCC_WARN_UNUSED_VARIABLE = YES;
				IPHONEOS_DEPLOYMENT_TARGET = 11.1;
				MTL_ENABLE_DEBUG_INFO = NO;
				SDKROOT = iphoneos;
				SWIFT_OPTIMIZATION_LEVEL = "-Owholemodule";
				VALIDATE_PRODUCT = YES;
			};
			name = Release;
		};
		A5CBD1CD1FB6045000E75E0F /* Debug */ = {
			isa = XCBuildConfiguration;
			baseConfigurationReference = 53FD70357F34591B8965381E /* Pods-OpenCV3Sample.debug.xcconfig */;
			buildSettings = {
				ASSETCATALOG_COMPILER_APPICON_NAME = AppIcon;
				CLANG_ENABLE_MODULES = YES;
				CODE_SIGN_STYLE = Automatic;
				DEVELOPMENT_TEAM = "";
				INFOPLIST_FILE = OpenCV3Sample/Info.plist;
				LD_RUNPATH_SEARCH_PATHS = "$(inherited) @executable_path/Frameworks";
				PRODUCT_BUNDLE_IDENTIFIER = io.mulberry.sample.opencv3.OpenCV3Sample;
				PRODUCT_NAME = "$(TARGET_NAME)";
				SWIFT_OBJC_BRIDGING_HEADER = "Wrappers/OpenCV3Sample-Bridging-Header.h";
				SWIFT_OPTIMIZATION_LEVEL = "-Onone";
				SWIFT_VERSION = 4.0;
				TARGETED_DEVICE_FAMILY = "1,2";
			};
			name = Debug;
		};
		A5CBD1CE1FB6045000E75E0F /* Release */ = {
			isa = XCBuildConfiguration;
			baseConfigurationReference = 8BD5745D34CA8B7DCBFE94BD /* Pods-OpenCV3Sample.release.xcconfig */;
			buildSettings = {
				ASSETCATALOG_COMPILER_APPICON_NAME = AppIcon;
				CLANG_ENABLE_MODULES = YES;
				CODE_SIGN_STYLE = Automatic;
				DEVELOPMENT_TEAM = "";
				INFOPLIST_FILE = OpenCV3Sample/Info.plist;
				LD_RUNPATH_SEARCH_PATHS = "$(inherited) @executable_path/Frameworks";
				PRODUCT_BUNDLE_IDENTIFIER = io.mulberry.sample.opencv3.OpenCV3Sample;
				PRODUCT_NAME = "$(TARGET_NAME)";
				SWIFT_OBJC_BRIDGING_HEADER = "Wrappers/OpenCV3Sample-Bridging-Header.h";
				SWIFT_VERSION = 4.0;
				TARGETED_DEVICE_FAMILY = "1,2";
			};
			name = Release;
		};
		A5CBD1D01FB6045000E75E0F /* Debug */ = {
			isa = XCBuildConfiguration;
			buildSettings = {
				ALWAYS_EMBED_SWIFT_STANDARD_LIBRARIES = YES;
				BUNDLE_LOADER = "$(TEST_HOST)";
				CODE_SIGN_STYLE = Automatic;
				INFOPLIST_FILE = OpenCV3SampleTests/Info.plist;
				LD_RUNPATH_SEARCH_PATHS = "$(inherited) @executable_path/Frameworks @loader_path/Frameworks";
				PRODUCT_BUNDLE_IDENTIFIER = io.mulberry.sample.opencv3.OpenCV3SampleTests;
				PRODUCT_NAME = "$(TARGET_NAME)";
				SWIFT_VERSION = 4.0;
				TARGETED_DEVICE_FAMILY = "1,2";
				TEST_HOST = "$(BUILT_PRODUCTS_DIR)/OpenCV3Sample.app/OpenCV3Sample";
			};
			name = Debug;
		};
		A5CBD1D11FB6045000E75E0F /* Release */ = {
			isa = XCBuildConfiguration;
			buildSettings = {
				ALWAYS_EMBED_SWIFT_STANDARD_LIBRARIES = YES;
				BUNDLE_LOADER = "$(TEST_HOST)";
				CODE_SIGN_STYLE = Automatic;
				INFOPLIST_FILE = OpenCV3SampleTests/Info.plist;
				LD_RUNPATH_SEARCH_PATHS = "$(inherited) @executable_path/Frameworks @loader_path/Frameworks";
				PRODUCT_BUNDLE_IDENTIFIER = io.mulberry.sample.opencv3.OpenCV3SampleTests;
				PRODUCT_NAME = "$(TARGET_NAME)";
				SWIFT_VERSION = 4.0;
				TARGETED_DEVICE_FAMILY = "1,2";
				TEST_HOST = "$(BUILT_PRODUCTS_DIR)/OpenCV3Sample.app/OpenCV3Sample";
			};
			name = Release;
		};
/* End XCBuildConfiguration section */

/* Begin XCConfigurationList section */
		A5CBD1AA1FB6045000E75E0F /* Build configuration list for PBXProject "OpenCV3Sample" */ = {
			isa = XCConfigurationList;
			buildConfigurations = (
				A5CBD1CA1FB6045000E75E0F /* Debug */,
				A5CBD1CB1FB6045000E75E0F /* Release */,
			);
			defaultConfigurationIsVisible = 0;
			defaultConfigurationName = Release;
		};
		A5CBD1CC1FB6045000E75E0F /* Build configuration list for PBXNativeTarget "OpenCV3Sample" */ = {
			isa = XCConfigurationList;
			buildConfigurations = (
				A5CBD1CD1FB6045000E75E0F /* Debug */,
				A5CBD1CE1FB6045000E75E0F /* Release */,
			);
			defaultConfigurationIsVisible = 0;
			defaultConfigurationName = Release;
		};
		A5CBD1CF1FB6045000E75E0F /* Build configuration list for PBXNativeTarget "OpenCV3SampleTests" */ = {
			isa = XCConfigurationList;
			buildConfigurations = (
				A5CBD1D01FB6045000E75E0F /* Debug */,
				A5CBD1D11FB6045000E75E0F /* Release */,
			);
			defaultConfigurationIsVisible = 0;
			defaultConfigurationName = Release;
		};
/* End XCConfigurationList section */
	};
	rootObject = A5CBD1A71FB6045000E75E0F /* Project object */;
}
